
Microsoft Visual Studio Solution File, Format Version 12.00
# Visual Studio Version 17
VisualStudioVersion = 17.5.33516.290
MinimumVisualStudioVersion = 10.0.40219.1
Project("{FAE04EC0-301F-11D3-BF4B-00C04F79EFBC}") = "UnitTestProject1", "UnitTestProject1\UnitTestProject1.csproj", "{77CEC678-4460-45FA-AF51-1E1474D5A41C}"
EndProject
Global
	GlobalSection(SolutionConfigurationPlatforms) = preSolution
		Debug|Any CPU = Debug|Any CPU
		Release|Any CPU = Release|Any CPU
	EndGlobalSection
	GlobalSection(ProjectConfigurationPlatforms) = postSolution
		{77CEC678-4460-45FA-AF51-1E1474D5A41C}.Debug|Any CPU.ActiveCfg = Debug|Any CPU
		{77CEC678-4460-45FA-AF51-1E1474D5A41C}.Debug|Any CPU.Build.0 = Debug|Any CPU
		{77CEC678-4460-45FA-AF51-1E1474D5A41C}.Release|Any CPU.ActiveCfg = Release|Any CPU
		{77CEC678-4460-45FA-AF51-1E1474D5A41C}.Release|Any CPU.Build.0 = Release|Any CPU
	EndGlobalSection
	GlobalSection(SolutionProperties) = preSolution
		HideSolutionNode = FALSE
	EndGlobalSection
	GlobalSection(ExtensibilityGlobals) = postSolution
		SolutionGuid = {4CAF44AC-E128-42DE-9EAC-DFC019397FC1}
	EndGlobalSection
EndGlobal
